
Microsoft Visual Studio Solution File, Format Version 10.00
# Visual Studio 2008
Project("{FAE04EC0-301F-11D3-BF4B-00C04F79EFBC}") = "DAY1", "DAY1\DAY1.csproj", "{B67C4614-A1C8-4DA0-80AB-C523AD07E8F0}"
EndProject
Project("{FAE04EC0-301F-11D3-BF4B-00C04F79EFBC}") = "Test", "Test\Test.csproj", "{23EC5D04-61CA-48A8-AAFC-86F311A5F142}"
EndProject
Project("{2150E333-8FDC-42A3-9474-1A3956D46DE8}") = "Solution Items", "Solution Items", "{6274A7BD-27C0-4FBB-869E-8B2FDD8AE621}"
	ProjectSection(SolutionItems) = preProject
		DAY1.vsmdi = DAY1.vsmdi
		LocalTestRun.testrunconfig = LocalTestRun.testrunconfig
	EndProjectSection
EndProject
Global
	GlobalSection(TestCaseManagementSettings) = postSolution
		CategoryFile = DAY1.vsmdi
	EndGlobalSection
	GlobalSection(SolutionConfigurationPlatforms) = preSolution
		Debug|Any CPU = Debug|Any CPU
		Release|Any CPU = Release|Any CPU
	EndGlobalSection
	GlobalSection(ProjectConfigurationPlatforms) = postSolution
		{B67C4614-A1C8-4DA0-80AB-C523AD07E8F0}.Debug|Any CPU.ActiveCfg = Debug|Any CPU
		{B67C4614-A1C8-4DA0-80AB-C523AD07E8F0}.Debug|Any CPU.Build.0 = Debug|Any CPU
		{B67C4614-A1C8-4DA0-80AB-C523AD07E8F0}.Release|Any CPU.ActiveCfg = Release|Any CPU
		{B67C4614-A1C8-4DA0-80AB-C523AD07E8F0}.Release|Any CPU.Build.0 = Release|Any CPU
		{23EC5D04-61CA-48A8-AAFC-86F311A5F142}.Debug|Any CPU.ActiveCfg = Debug|Any CPU
		{23EC5D04-61CA-48A8-AAFC-86F311A5F142}.Debug|Any CPU.Build.0 = Debug|Any CPU
		{23EC5D04-61CA-48A8-AAFC-86F311A5F142}.Release|Any CPU.ActiveCfg = Release|Any CPU
		{23EC5D04-61CA-48A8-AAFC-86F311A5F142}.Release|Any CPU.Build.0 = Release|Any CPU
	EndGlobalSection
	GlobalSection(SolutionProperties) = preSolution
		HideSolutionNode = FALSE
	EndGlobalSection
EndGlobal
