
Microsoft Visual Studio Solution File, Format Version 12.00
# Visual Studio 2013
VisualStudioVersion = 12.0.30501.0
MinimumVisualStudioVersion = 10.0.40219.1
Project("{FAE04EC0-301F-11D3-BF4B-00C04F79EFBC}") = "SpecFlowWithEf.Tests", "SpecFlowWithEf.Tests\SpecFlowWithEf.Tests.csproj", "{DABD52A1-52B3-4332-ACC0-0DD8F48C19A3}"
EndProject
Project("{FAE04EC0-301F-11D3-BF4B-00C04F79EFBC}") = "MyLib", "MyLib\MyLib.csproj", "{D1B559ED-3112-4F2A-A050-20EFA1F3666C}"
EndProject
Global
	GlobalSection(SolutionConfigurationPlatforms) = preSolution
		Debug|Any CPU = Debug|Any CPU
		Release|Any CPU = Release|Any CPU
	EndGlobalSection
	GlobalSection(ProjectConfigurationPlatforms) = postSolution
		{DABD52A1-52B3-4332-ACC0-0DD8F48C19A3}.Debug|Any CPU.ActiveCfg = Debug|Any CPU
		{DABD52A1-52B3-4332-ACC0-0DD8F48C19A3}.Debug|Any CPU.Build.0 = Debug|Any CPU
		{DABD52A1-52B3-4332-ACC0-0DD8F48C19A3}.Release|Any CPU.ActiveCfg = Release|Any CPU
		{DABD52A1-52B3-4332-ACC0-0DD8F48C19A3}.Release|Any CPU.Build.0 = Release|Any CPU
		{D1B559ED-3112-4F2A-A050-20EFA1F3666C}.Debug|Any CPU.ActiveCfg = Debug|Any CPU
		{D1B559ED-3112-4F2A-A050-20EFA1F3666C}.Debug|Any CPU.Build.0 = Debug|Any CPU
		{D1B559ED-3112-4F2A-A050-20EFA1F3666C}.Release|Any CPU.ActiveCfg = Release|Any CPU
		{D1B559ED-3112-4F2A-A050-20EFA1F3666C}.Release|Any CPU.Build.0 = Release|Any CPU
	EndGlobalSection
	GlobalSection(SolutionProperties) = preSolution
		HideSolutionNode = FALSE
	EndGlobalSection
EndGlobal
