
Microsoft Visual Studio Solution File, Format Version 12.00
# Visual Studio 2013
VisualStudioVersion = 12.0.30501.0
MinimumVisualStudioVersion = 10.0.40219.1
Project("{E24C65DC-7377-472B-9ABA-BC803B73C61A}") = "WebSite", "http://localhost:16207", "{E8F65AB8-E786-4E12-B59A-A272EB2CFA53}"
	ProjectSection(WebsiteProperties) = preProject
		UseIISExpress = "true"
		TargetFrameworkMoniker = ".NETFramework,Version%3Dv4.0"
		ProjectReferences = "{6DD6CAAB-9ED9-4A28-BC19-8C9DFD6B3DF7}|LogisticLib.dll;"
		Debug.AspNetCompiler.VirtualPath = "/localhost_16207"
		Debug.AspNetCompiler.PhysicalPath = "WebSite\"
		Debug.AspNetCompiler.TargetPath = "PrecompiledWeb\localhost_16207\"
		Debug.AspNetCompiler.Updateable = "true"
		Debug.AspNetCompiler.ForceOverwrite = "true"
		Debug.AspNetCompiler.FixedNames = "false"
		Debug.AspNetCompiler.Debug = "True"
		Release.AspNetCompiler.VirtualPath = "/localhost_16207"
		Release.AspNetCompiler.PhysicalPath = "WebSite\"
		Release.AspNetCompiler.TargetPath = "PrecompiledWeb\localhost_16207\"
		Release.AspNetCompiler.Updateable = "true"
		Release.AspNetCompiler.ForceOverwrite = "true"
		Release.AspNetCompiler.FixedNames = "false"
		Release.AspNetCompiler.Debug = "False"
		SlnRelativePath = "WebSite\"
		DefaultWebSiteLanguage = "Visual C#"
	EndProjectSection
EndProject
Project("{FAE04EC0-301F-11D3-BF4B-00C04F79EFBC}") = "ProductWebSiteTests", "ProductWebSiteTests\ProductWebSiteTests.csproj", "{9F2A6FA6-C065-449E-B8C2-BFC161FFCE0C}"
EndProject
Project("{FAE04EC0-301F-11D3-BF4B-00C04F79EFBC}") = "LogisticLib", "LogisticLib\LogisticLib.csproj", "{6DD6CAAB-9ED9-4A28-BC19-8C9DFD6B3DF7}"
EndProject
Global
	GlobalSection(SolutionConfigurationPlatforms) = preSolution
		Debug|Any CPU = Debug|Any CPU
		Release|Any CPU = Release|Any CPU
	EndGlobalSection
	GlobalSection(ProjectConfigurationPlatforms) = postSolution
		{E8F65AB8-E786-4E12-B59A-A272EB2CFA53}.Debug|Any CPU.ActiveCfg = Debug|Any CPU
		{E8F65AB8-E786-4E12-B59A-A272EB2CFA53}.Debug|Any CPU.Build.0 = Debug|Any CPU
		{E8F65AB8-E786-4E12-B59A-A272EB2CFA53}.Release|Any CPU.ActiveCfg = Debug|Any CPU
		{E8F65AB8-E786-4E12-B59A-A272EB2CFA53}.Release|Any CPU.Build.0 = Debug|Any CPU
		{9F2A6FA6-C065-449E-B8C2-BFC161FFCE0C}.Debug|Any CPU.ActiveCfg = Debug|Any CPU
		{9F2A6FA6-C065-449E-B8C2-BFC161FFCE0C}.Debug|Any CPU.Build.0 = Debug|Any CPU
		{9F2A6FA6-C065-449E-B8C2-BFC161FFCE0C}.Release|Any CPU.ActiveCfg = Release|Any CPU
		{9F2A6FA6-C065-449E-B8C2-BFC161FFCE0C}.Release|Any CPU.Build.0 = Release|Any CPU
		{6DD6CAAB-9ED9-4A28-BC19-8C9DFD6B3DF7}.Debug|Any CPU.ActiveCfg = Debug|Any CPU
		{6DD6CAAB-9ED9-4A28-BC19-8C9DFD6B3DF7}.Debug|Any CPU.Build.0 = Debug|Any CPU
		{6DD6CAAB-9ED9-4A28-BC19-8C9DFD6B3DF7}.Release|Any CPU.ActiveCfg = Release|Any CPU
		{6DD6CAAB-9ED9-4A28-BC19-8C9DFD6B3DF7}.Release|Any CPU.Build.0 = Release|Any CPU
	EndGlobalSection
	GlobalSection(SolutionProperties) = preSolution
		HideSolutionNode = FALSE
	EndGlobalSection
EndGlobal
